// !$*UTF8*$!
{
	archiveVersion = 1;
	classes = {
	};
	objectVersion = 46;
	objects = {

/* Begin PBXBuildFile section */
		4A963CB81BCED60A001F3F83 /* main.m in Sources */ = {isa = PBXBuildFile; fileRef = 4A963CB71BCED60A001F3F83 /* main.m */; };
		4A963CBB1BCED60A001F3F83 /* AppDelegate.m in Sources */ = {isa = PBXBuildFile; fileRef = 4A963CBA1BCED60A001F3F83 /* AppDelegate.m */; };
		4A963CBE1BCED60A001F3F83 /* ViewController.m in Sources */ = {isa = PBXBuildFile; fileRef = 4A963CBD1BCED60A001F3F83 /* ViewController.m */; };
		4A963CC11BCED60A001F3F83 /* Main.storyboard in Resources */ = {isa = PBXBuildFile; fileRef = 4A963CBF1BCED60A001F3F83 /* Main.storyboard */; };
		4A963CC31BCED60A001F3F83 /* Assets.xcassets in Resources */ = {isa = PBXBuildFile; fileRef = 4A963CC21BCED60A001F3F83 /* Assets.xcassets */; };
		4A963CC61BCED60A001F3F83 /* LaunchScreen.storyboard in Resources */ = {isa = PBXBuildFile; fileRef = 4A963CC41BCED60A001F3F83 /* LaunchScreen.storyboard */; };
		4A963CD11BCED60A001F3F83 /* photoFXTests.m in Sources */ = {isa = PBXBuildFile; fileRef = 4A963CD01BCED60A001F3F83 /* photoFXTests.m */; };
		4A963CDC1BCED60A001F3F83 /* photoFXUITests.m in Sources */ = {isa = PBXBuildFile; fileRef = 4A963CDB1BCED60A001F3F83 /* photoFXUITests.m */; };
/* End PBXBuildFile section */

/* Begin PBXContainerItemProxy section */
		4A963CCD1BCED60A001F3F83 /* PBXContainerItemProxy */ = {
			isa = PBXContainerItemProxy;
			containerPortal = 4A963CAB1BCED60A001F3F83 /* Project object */;
			proxyType = 1;
			remoteGlobalIDString = 4A963CB21BCED60A001F3F83;
			remoteInfo = photoFX;
		};
		4A963CD81BCED60A001F3F83 /* PBXContainerItemProxy */ = {
			isa = PBXContainerItemProxy;
			containerPortal = 4A963CAB1BCED60A001F3F83 /* Project object */;
			proxyType = 1;
			remoteGlobalIDString = 4A963CB21BCED60A001F3F83;
			remoteInfo = photoFX;
		};
/* End PBXContainerItemProxy section */

/* Begin PBXFileReference section */
		4A963CB31BCED60A001F3F83 /* photoFX.app */ = {isa = PBXFileReference; explicitFileType = wrapper.application; includeInIndex = 0; path = photoFX.app; sourceTree = BUILT_PRODUCTS_DIR; };
		4A963CB71BCED60A001F3F83 /* main.m */ = {isa = PBXFileReference; lastKnownFileType = sourcecode.c.objc; path = main.m; sourceTree = "<group>"; };
		4A963CB91BCED60A001F3F83 /* AppDelegate.h */ = {isa = PBXFileReference; lastKnownFileType = sourcecode.c.h; path = AppDelegate.h; sourceTree = "<group>"; };
		4A963CBA1BCED60A001F3F83 /* AppDelegate.m */ = {isa = PBXFileReference; lastKnownFileType = sourcecode.c.objc; path = AppDelegate.m; sourceTree = "<group>"; };
		4A963CBC1BCED60A001F3F83 /* ViewController.h */ = {isa = PBXFileReference; lastKnownFileType = sourcecode.c.h; path = ViewController.h; sourceTree = "<group>"; };
		4A963CBD1BCED60A001F3F83 /* ViewController.m */ = {isa = PBXFileReference; lastKnownFileType = sourcecode.c.objc; path = ViewController.m; sourceTree = "<group>"; };
		4A963CC01BCED60A001F3F83 /* Base */ = {isa = PBXFileReference; lastKnownFileType = file.storyboard; name = Base; path = Base.lproj/Main.storyboard; sourceTree = "<group>"; };
		4A963CC21BCED60A001F3F83 /* Assets.xcassets */ = {isa = PBXFileReference; lastKnownFileType = folder.assetcatalog; path = Assets.xcassets; sourceTree = "<group>"; };
		4A963CC51BCED60A001F3F83 /* Base */ = {isa = PBXFileReference; lastKnownFileType = file.storyboard; name = Base; path = Base.lproj/LaunchScreen.storyboard; sourceTree = "<group>"; };
		4A963CC71BCED60A001F3F83 /* Info.plist */ = {isa = PBXFileReference; lastKnownFileType = text.plist.xml; path = Info.plist; sourceTree = "<group>"; };
		4A963CCC1BCED60A001F3F83 /* photoFXTests.xctest */ = {isa = PBXFileReference; explicitFileType = wrapper.cfbundle; includeInIndex = 0; path = photoFXTests.xctest; sourceTree = BUILT_PRODUCTS_DIR; };
		4A963CD01BCED60A001F3F83 /* photoFXTests.m */ = {isa = PBXFileReference; lastKnownFileType = sourcecode.c.objc; path = photoFXTests.m; sourceTree = "<group>"; };
		4A963CD21BCED60A001F3F83 /* Info.plist */ = {isa = PBXFileReference; lastKnownFileType = text.plist.xml; path = Info.plist; sourceTree = "<group>"; };
		4A963CD71BCED60A001F3F83 /* photoFXUITests.xctest */ = {isa = PBXFileReference; explicitFileType = wrapper.cfbundle; includeInIndex = 0; path = photoFXUITests.xctest; sourceTree = BUILT_PRODUCTS_DIR; };
		4A963CDB1BCED60A001F3F83 /* photoFXUITests.m */ = {isa = PBXFileReference; lastKnownFileType = sourcecode.c.objc; path = photoFXUITests.m; sourceTree = "<group>"; };
		4A963CDD1BCED60A001F3F83 /* Info.plist */ = {isa = PBXFileReference; lastKnownFileType = text.plist.xml; path = Info.plist; sourceTree = "<group>"; };
/* End PBXFileReference section */

/* Begin PBXFrameworksBuildPhase section */
		4A963CB01BCED60A001F3F83 /* Frameworks */ = {
			isa = PBXFrameworksBuildPhase;
			buildActionMask = 2147483647;
			files = (
			);
			runOnlyForDeploymentPostprocessing = 0;
		};
		4A963CC91BCED60A001F3F83 /* Frameworks */ = {
			isa = PBXFrameworksBuildPhase;
			buildActionMask = 2147483647;
			files = (
			);
			runOnlyForDeploymentPostprocessing = 0;
		};
		4A963CD41BCED60A001F3F83 /* Frameworks */ = {
			isa = PBXFrameworksBuildPhase;
			buildActionMask = 2147483647;
			files = (
			);
			runOnlyForDeploymentPostprocessing = 0;
		};
/* End PBXFrameworksBuildPhase section */

/* Begin PBXGroup section */
		4A963CAA1BCED60A001F3F83 = {
			isa = PBXGroup;
			children = (
				4A963CB51BCED60A001F3F83 /* photoFX */,
				4A963CCF1BCED60A001F3F83 /* photoFXTests */,
				4A963CDA1BCED60A001F3F83 /* photoFXUITests */,
				4A963CB41BCED60A001F3F83 /* Products */,
			);
			sourceTree = "<group>";
		};
		4A963CB41BCED60A001F3F83 /* Products */ = {
			isa = PBXGroup;
			children = (
				4A963CB31BCED60A001F3F83 /* photoFX.app */,
				4A963CCC1BCED60A001F3F83 /* photoFXTests.xctest */,
				4A963CD71BCED60A001F3F83 /* photoFXUITests.xctest */,
			);
			name = Products;
			sourceTree = "<group>";
		};
		4A963CB51BCED60A001F3F83 /* photoFX */ = {
			isa = PBXGroup;
			children = (
				4A963CB91BCED60A001F3F83 /* AppDelegate.h */,
				4A963CBA1BCED60A001F3F83 /* AppDelegate.m */,
				4A963CBC1BCED60A001F3F83 /* ViewController.h */,
				4A963CBD1BCED60A001F3F83 /* ViewController.m */,
				4A963CBF1BCED60A001F3F83 /* Main.storyboard */,
				4A963CC21BCED60A001F3F83 /* Assets.xcassets */,
				4A963CC41BCED60A001F3F83 /* LaunchScreen.storyboard */,
				4A963CC71BCED60A001F3F83 /* Info.plist */,
				4A963CB61BCED60A001F3F83 /* Supporting Files */,
			);
			path = photoFX;
			sourceTree = "<group>";
		};
		4A963CB61BCED60A001F3F83 /* Supporting Files */ = {
			isa = PBXGroup;
			children = (
				4A963CB71BCED60A001F3F83 /* main.m */,
			);
			name = "Supporting Files";
			sourceTree = "<group>";
		};
		4A963CCF1BCED60A001F3F83 /* photoFXTests */ = {
			isa = PBXGroup;
			children = (
				4A963CD01BCED60A001F3F83 /* photoFXTests.m */,
				4A963CD21BCED60A001F3F83 /* Info.plist */,
			);
			path = photoFXTests;
			sourceTree = "<group>";
		};
		4A963CDA1BCED60A001F3F83 /* photoFXUITests */ = {
			isa = PBXGroup;
			children = (
				4A963CDB1BCED60A001F3F83 /* photoFXUITests.m */,
				4A963CDD1BCED60A001F3F83 /* Info.plist */,
			);
			path = photoFXUITests;
			sourceTree = "<group>";
		};
/* End PBXGroup section */

/* Begin PBXNativeTarget section */
		4A963CB21BCED60A001F3F83 /* photoFX */ = {
			isa = PBXNativeTarget;
			buildConfigurationList = 4A963CE01BCED60A001F3F83 /* Build configuration list for PBXNativeTarget "photoFX" */;
			buildPhases = (
				4A963CAF1BCED60A001F3F83 /* Sources */,
				4A963CB01BCED60A001F3F83 /* Frameworks */,
				4A963CB11BCED60A001F3F83 /* Resources */,
			);
			buildRules = (
			);
			dependencies = (
			);
			name = photoFX;
			productName = photoFX;
			productReference = 4A963CB31BCED60A001F3F83 /* photoFX.app */;
			productType = "com.apple.product-type.application";
		};
		4A963CCB1BCED60A001F3F83 /* photoFXTests */ = {
			isa = PBXNativeTarget;
			buildConfigurationList = 4A963CE31BCED60A001F3F83 /* Build configuration list for PBXNativeTarget "photoFXTests" */;
			buildPhases = (
				4A963CC81BCED60A001F3F83 /* Sources */,
				4A963CC91BCED60A001F3F83 /* Frameworks */,
				4A963CCA1BCED60A001F3F83 /* Resources */,
			);
			buildRules = (
			);
			dependencies = (
				4A963CCE1BCED60A001F3F83 /* PBXTargetDependency */,
			);
			name = photoFXTests;
			productName = photoFXTests;
			productReference = 4A963CCC1BCED60A001F3F83 /* photoFXTests.xctest */;
			productType = "com.apple.product-type.bundle.unit-test";
		};
		4A963CD61BCED60A001F3F83 /* photoFXUITests */ = {
			isa = PBXNativeTarget;
			buildConfigurationList = 4A963CE61BCED60A001F3F83 /* Build configuration list for PBXNativeTarget "photoFXUITests" */;
			buildPhases = (
				4A963CD31BCED60A001F3F83 /* Sources */,
				4A963CD41BCED60A001F3F83 /* Frameworks */,
				4A963CD51BCED60A001F3F83 /* Resources */,
			);
			buildRules = (
			);
			dependencies = (
				4A963CD91BCED60A001F3F83 /* PBXTargetDependency */,
			);
			name = photoFXUITests;
			productName = photoFXUITests;
			productReference = 4A963CD71BCED60A001F3F83 /* photoFXUITests.xctest */;
			productType = "com.apple.product-type.bundle.ui-testing";
		};
/* End PBXNativeTarget section */

/* Begin PBXProject section */
		4A963CAB1BCED60A001F3F83 /* Project object */ = {
			isa = PBXProject;
			attributes = {
				LastUpgradeCheck = 0700;
				ORGANIZATIONNAME = "Jacy Chen";
				TargetAttributes = {
					4A963CB21BCED60A001F3F83 = {
						CreatedOnToolsVersion = 7.0.1;
					};
					4A963CCB1BCED60A001F3F83 = {
						CreatedOnToolsVersion = 7.0.1;
						TestTargetID = 4A963CB21BCED60A001F3F83;
					};
					4A963CD61BCED60A001F3F83 = {
						CreatedOnToolsVersion = 7.0.1;
						TestTargetID = 4A963CB21BCED60A001F3F83;
					};
				};
			};
			buildConfigurationList = 4A963CAE1BCED60A001F3F83 /* Build configuration list for PBXProject "photoFX" */;
			compatibilityVersion = "Xcode 3.2";
			developmentRegion = English;
			hasScannedForEncodings = 0;
			knownRegions = (
				en,
				Base,
			);
			mainGroup = 4A963CAA1BCED60A001F3F83;
			productRefGroup = 4A963CB41BCED60A001F3F83 /* Products */;
			projectDirPath = "";
			projectRoot = "";
			targets = (
				4A963CB21BCED60A001F3F83 /* photoFX */,
				4A963CCB1BCED60A001F3F83 /* photoFXTests */,
				4A963CD61BCED60A001F3F83 /* photoFXUITests */,
			);
		};
/* End PBXProject section */

/* Begin PBXResourcesBuildPhase section */
		4A963CB11BCED60A001F3F83 /* Resources */ = {
			isa = PBXResourcesBuildPhase;
			buildActionMask = 2147483647;
			files = (
				4A963CC61BCED60A001F3F83 /* LaunchScreen.storyboard in Resources */,
				4A963CC31BCED60A001F3F83 /* Assets.xcassets in Resources */,
				4A963CC11BCED60A001F3F83 /* Main.storyboard in Resources */,
			);
			runOnlyForDeploymentPostprocessing = 0;
		};
		4A963CCA1BCED60A001F3F83 /* Resources */ = {
			isa = PBXResourcesBuildPhase;
			buildActionMask = 2147483647;
			files = (
			);
			runOnlyForDeploymentPostprocessing = 0;
		};
		4A963CD51BCED60A001F3F83 /* Resources */ = {
			isa = PBXResourcesBuildPhase;
			buildActionMask = 2147483647;
			files = (
			);
			runOnlyForDeploymentPostprocessing = 0;
		};
/* End PBXResourcesBuildPhase section */

/* Begin PBXSourcesBuildPhase section */
		4A963CAF1BCED60A001F3F83 /* Sources */ = {
			isa = PBXSourcesBuildPhase;
			buildActionMask = 2147483647;
			files = (
				4A963CBE1BCED60A001F3F83 /* ViewController.m in Sources */,
				4A963CBB1BCED60A001F3F83 /* AppDelegate.m in Sources */,
				4A963CB81BCED60A001F3F83 /* main.m in Sources */,
			);
			runOnlyForDeploymentPostprocessing = 0;
		};
		4A963CC81BCED60A001F3F83 /* Sources */ = {
			isa = PBXSourcesBuildPhase;
			buildActionMask = 2147483647;
			files = (
				4A963CD11BCED60A001F3F83 /* photoFXTests.m in Sources */,
			);
			runOnlyForDeploymentPostprocessing = 0;
		};
		4A963CD31BCED60A001F3F83 /* Sources */ = {
			isa = PBXSourcesBuildPhase;
			buildActionMask = 2147483647;
			files = (
				4A963CDC1BCED60A001F3F83 /* photoFXUITests.m in Sources */,
			);
			runOnlyForDeploymentPostprocessing = 0;
		};
/* End PBXSourcesBuildPhase section */

/* Begin PBXTargetDependency section */
		4A963CCE1BCED60A001F3F83 /* PBXTargetDependency */ = {
			isa = PBXTargetDependency;
			target = 4A963CB21BCED60A001F3F83 /* photoFX */;
			targetProxy = 4A963CCD1BCED60A001F3F83 /* PBXContainerItemProxy */;
		};
		4A963CD91BCED60A001F3F83 /* PBXTargetDependency */ = {
			isa = PBXTargetDependency;
			target = 4A963CB21BCED60A001F3F83 /* photoFX */;
			targetProxy = 4A963CD81BCED60A001F3F83 /* PBXContainerItemProxy */;
		};
/* End PBXTargetDependency section */

/* Begin PBXVariantGroup section */
		4A963CBF1BCED60A001F3F83 /* Main.storyboard */ = {
			isa = PBXVariantGroup;
			children = (
				4A963CC01BCED60A001F3F83 /* Base */,
			);
			name = Main.storyboard;
			sourceTree = "<group>";
		};
		4A963CC41BCED60A001F3F83 /* LaunchScreen.storyboard */ = {
			isa = PBXVariantGroup;
			children = (
				4A963CC51BCED60A001F3F83 /* Base */,
			);
			name = LaunchScreen.storyboard;
			sourceTree = "<group>";
		};
/* End PBXVariantGroup section */

/* Begin XCBuildConfiguration section */
		4A963CDE1BCED60A001F3F83 /* Debug */ = {
			isa = XCBuildConfiguration;
			buildSettings = {
				ALWAYS_SEARCH_USER_PATHS = NO;
				CLANG_CXX_LANGUAGE_STANDARD = "gnu++0x";
				CLANG_CXX_LIBRARY = "libc++";
				CLANG_ENABLE_MODULES = YES;
				CLANG_ENABLE_OBJC_ARC = YES;
				CLANG_WARN_BOOL_CONVERSION = YES;
				CLANG_WARN_CONSTANT_CONVERSION = YES;
				CLANG_WARN_DIRECT_OBJC_ISA_USAGE = YES_ERROR;
				CLANG_WARN_EMPTY_BODY = YES;
				CLANG_WARN_ENUM_CONVERSION = YES;
				CLANG_WARN_INT_CONVERSION = YES;
				CLANG_WARN_OBJC_ROOT_CLASS = YES_ERROR;
				CLANG_WARN_UNREACHABLE_CODE = YES;
				CLANG_WARN__DUPLICATE_METHOD_MATCH = YES;
				"CODE_SIGN_IDENTITY[sdk=iphoneos*]" = "iPhone Developer";
				COPY_PHASE_STRIP = NO;
				DEBUG_INFORMATION_FORMAT = dwarf;
				ENABLE_STRICT_OBJC_MSGSEND = YES;
				ENABLE_TESTABILITY = YES;
				GCC_C_LANGUAGE_STANDARD = gnu99;
				GCC_DYNAMIC_NO_PIC = NO;
				GCC_NO_COMMON_BLOCKS = YES;
				GCC_OPTIMIZATION_LEVEL = 0;
				GCC_PREPROCESSOR_DEFINITIONS = (
					"DEBUG=1",
					"$(inherited)",
				);
				GCC_WARN_64_TO_32_BIT_CONVERSION = YES;
				GCC_WARN_ABOUT_RETURN_TYPE = YES_ERROR;
				GCC_WARN_UNDECLARED_SELECTOR = YES;
				GCC_WARN_UNINITIALIZED_AUTOS = YES_AGGRESSIVE;
				GCC_WARN_UNUSED_FUNCTION = YES;
				GCC_WARN_UNUSED_VARIABLE = YES;
				IPHONEOS_DEPLOYMENT_TARGET = 9.0;
				MTL_ENABLE_DEBUG_INFO = YES;
				ONLY_ACTIVE_ARCH = YES;
				SDKROOT = iphoneos;
				TARGETED_DEVICE_FAMILY = "1,2";
			};
			name = Debug;
		};
		4A963CDF1BCED60A001F3F83 /* Release */ = {
			isa = XCBuildConfiguration;
			buildSettings = {
				ALWAYS_SEARCH_USER_PATHS = NO;
				CLANG_CXX_LANGUAGE_STANDARD = "gnu++0x";
				CLANG_CXX_LIBRARY = "libc++";
				CLANG_ENABLE_MODULES = YES;
				CLANG_ENABLE_OBJC_ARC = YES;
				CLANG_WARN_BOOL_CONVERSION = YES;
				CLANG_WARN_CONSTANT_CONVERSION = YES;
				CLANG_WARN_DIRECT_OBJC_ISA_USAGE = YES_ERROR;
				CLANG_WARN_EMPTY_BODY = YES;
				CLANG_WARN_ENUM_CONVERSION = YES;
				CLANG_WARN_INT_CONVERSION = YES;
				CLANG_WARN_OBJC_ROOT_CLASS = YES_ERROR;
				CLANG_WARN_UNREACHABLE_CODE = YES;
				CLANG_WARN__DUPLICATE_METHOD_MATCH = YES;
				"CODE_SIGN_IDENTITY[sdk=iphoneos*]" = "iPhone Developer";
				COPY_PHASE_STRIP = NO;
				DEBUG_INFORMATION_FORMAT = "dwarf-with-dsym";
				ENABLE_NS_ASSERTIONS = NO;
				ENABLE_STRICT_OBJC_MSGSEND = YES;
				GCC_C_LANGUAGE_STANDARD = gnu99;
				GCC_NO_COMMON_BLOCKS = YES;
				GCC_WARN_64_TO_32_BIT_CONVERSION = YES;
				GCC_WARN_ABOUT_RETURN_TYPE = YES_ERROR;
				GCC_WARN_UNDECLARED_SELECTOR = YES;
				GCC_WARN_UNINITIALIZED_AUTOS = YES_AGGRESSIVE;
				GCC_WARN_UNUSED_FUNCTION = YES;
				GCC_WARN_UNUSED_VARIABLE = YES;
				IPHONEOS_DEPLOYMENT_TARGET = 9.0;
				MTL_ENABLE_DEBUG_INFO = NO;
				SDKROOT = iphoneos;
				TARGETED_DEVICE_FAMILY = "1,2";
				VALIDATE_PRODUCT = YES;
			};
			name = Release;
		};
		4A963CE11BCED60A001F3F83 /* Debug */ = {
			isa = XCBuildConfiguration;
			buildSettings = {
				ASSETCATALOG_COMPILER_APPICON_NAME = AppIcon;
				INFOPLIST_FILE = photoFX/Info.plist;
				LD_RUNPATH_SEARCH_PATHS = "$(inherited) @executable_path/Frameworks";
				PRODUCT_BUNDLE_IDENTIFIER = jacy.photoFX;
				PRODUCT_NAME = "$(TARGET_NAME)";
			};
			name = Debug;
		};
		4A963CE21BCED60A001F3F83 /* Release */ = {
			isa = XCBuildConfiguration;
			buildSettings = {
				ASSETCATALOG_COMPILER_APPICON_NAME = AppIcon;
				INFOPLIST_FILE = photoFX/Info.plist;
				LD_RUNPATH_SEARCH_PATHS = "$(inherited) @executable_path/Frameworks";
				PRODUCT_BUNDLE_IDENTIFIER = jacy.photoFX;
				PRODUCT_NAME = "$(TARGET_NAME)";
			};
			name = Release;
		};
		4A963CE41BCED60A001F3F83 /* Debug */ = {
			isa = XCBuildConfiguration;
			buildSettings = {
				BUNDLE_LOADER = "$(TEST_HOST)";
				INFOPLIST_FILE = photoFXTests/Info.plist;
				LD_RUNPATH_SEARCH_PATHS = "$(inherited) @executable_path/Frameworks @loader_path/Frameworks";
				PRODUCT_BUNDLE_IDENTIFIER = jacy.photoFXTests;
				PRODUCT_NAME = "$(TARGET_NAME)";
				TEST_HOST = "$(BUILT_PRODUCTS_DIR)/photoFX.app/photoFX";
			};
			name = Debug;
		};
		4A963CE51BCED60A001F3F83 /* Release */ = {
			isa = XCBuildConfiguration;
			buildSettings = {
				BUNDLE_LOADER = "$(TEST_HOST)";
				INFOPLIST_FILE = photoFXTests/Info.plist;
				LD_RUNPATH_SEARCH_PATHS = "$(inherited) @executable_path/Frameworks @loader_path/Frameworks";
				PRODUCT_BUNDLE_IDENTIFIER = jacy.photoFXTests;
				PRODUCT_NAME = "$(TARGET_NAME)";
				TEST_HOST = "$(BUILT_PRODUCTS_DIR)/photoFX.app/photoFX";
			};
			name = Release;
		};
		4A963CE71BCED60A001F3F83 /* Debug */ = {
			isa = XCBuildConfiguration;
			buildSettings = {
				INFOPLIST_FILE = photoFXUITests/Info.plist;
				LD_RUNPATH_SEARCH_PATHS = "$(inherited) @executable_path/Frameworks @loader_path/Frameworks";
				PRODUCT_BUNDLE_IDENTIFIER = jacy.photoFXUITests;
				PRODUCT_NAME = "$(TARGET_NAME)";
				TEST_TARGET_NAME = photoFX;
				USES_XCTRUNNER = YES;
			};
			name = Debug;
		};
		4A963CE81BCED60A001F3F83 /* Release */ = {
			isa = XCBuildConfiguration;
			buildSettings = {
				INFOPLIST_FILE = photoFXUITests/Info.plist;
				LD_RUNPATH_SEARCH_PATHS = "$(inherited) @executable_path/Frameworks @loader_path/Frameworks";
				PRODUCT_BUNDLE_IDENTIFIER = jacy.photoFXUITests;
				PRODUCT_NAME = "$(TARGET_NAME)";
				TEST_TARGET_NAME = photoFX;
				USES_XCTRUNNER = YES;
			};
			name = Release;
		};
/* End XCBuildConfiguration section */

/* Begin XCConfigurationList section */
		4A963CAE1BCED60A001F3F83 /* Build configuration list for PBXProject "photoFX" */ = {
			isa = XCConfigurationList;
			buildConfigurations = (
				4A963CDE1BCED60A001F3F83 /* Debug */,
				4A963CDF1BCED60A001F3F83 /* Release */,
			);
			defaultConfigurationIsVisible = 0;
			defaultConfigurationName = Release;
		};
		4A963CE01BCED60A001F3F83 /* Build configuration list for PBXNativeTarget "photoFX" */ = {
			isa = XCConfigurationList;
			buildConfigurations = (
				4A963CE11BCED60A001F3F83 /* Debug */,
				4A963CE21BCED60A001F3F83 /* Release */,
			);
			defaultConfigurationIsVisible = 0;
		};
		4A963CE31BCED60A001F3F83 /* Build configuration list for PBXNativeTarget "photoFXTests" */ = {
			isa = XCConfigurationList;
			buildConfigurations = (
				4A963CE41BCED60A001F3F83 /* Debug */,
				4A963CE51BCED60A001F3F83 /* Release */,
			);
			defaultConfigurationIsVisible = 0;
		};
		4A963CE61BCED60A001F3F83 /* Build configuration list for PBXNativeTarget "photoFXUITests" */ = {
			isa = XCConfigurationList;
			buildConfigurations = (
				4A963CE71BCED60A001F3F83 /* Debug */,
				4A963CE81BCED60A001F3F83 /* Release */,
			);
			defaultConfigurationIsVisible = 0;
		};
/* End XCConfigurationList section */
	};
	rootObject = 4A963CAB1BCED60A001F3F83 /* Project object */;
}
